
Microsoft Visual Studio Solution File, Format Version 12.00
# Visual Studio Version 17
VisualStudioVersion = 17.6.33829.357
MinimumVisualStudioVersion = 10.0.40219.1
Project("{FAE04EC0-301F-11D3-BF4B-00C04F79EFBC}") = "Biliardo Play Store", "Biliardo Play Store.csproj", "{D7DDCBD5-99AF-45AF-85C5-30CA4A6DAC1C}"
EndProject
Global
	GlobalSection(SolutionConfigurationPlatforms) = preSolution
		Debug|Any CPU = Debug|Any CPU
		Release|Any CPU = Release|Any CPU
	EndGlobalSection
	GlobalSection(ProjectConfigurationPlatforms) = postSolution
		{D7DDCBD5-99AF-45AF-85C5-30CA4A6DAC1C}.Debug|Any CPU.ActiveCfg = Debug|Any CPU
		{D7DDCBD5-99AF-45AF-85C5-30CA4A6DAC1C}.Debug|Any CPU.Build.0 = Debug|Any CPU
		{D7DDCBD5-99AF-45AF-85C5-30CA4A6DAC1C}.Release|Any CPU.ActiveCfg = Release|Any CPU
		{D7DDCBD5-99AF-45AF-85C5-30CA4A6DAC1C}.Release|Any CPU.Build.0 = Release|Any CPU
	EndGlobalSection
	GlobalSection(SolutionProperties) = preSolution
		HideSolutionNode = FALSE
	EndGlobalSection
	GlobalSection(ExtensibilityGlobals) = postSolution
		SolutionGuid = {6116F6EB-1077-4E48-B899-46F422E55299}
	EndGlobalSection
EndGlobal
